
Microsoft Visual Studio Solution File, Format Version 12.00
# Visual Studio 2012
Project("{FAE04EC0-301F-11D3-BF4B-00C04F79EFBC}") = "ThunderBallPoc", "ThunderBallPoc\ThunderBallPoc.csproj", "{F1CC2CA1-968C-4364-8695-12CA79B40FFC}"
EndProject
Global
	GlobalSection(SolutionConfigurationPlatforms) = preSolution
		Debug|Any CPU = Debug|Any CPU
		Release|Any CPU = Release|Any CPU
	EndGlobalSection
	GlobalSection(ProjectConfigurationPlatforms) = postSolution
		{F1CC2CA1-968C-4364-8695-12CA79B40FFC}.Debug|Any CPU.ActiveCfg = Debug|Any CPU
		{F1CC2CA1-968C-4364-8695-12CA79B40FFC}.Debug|Any CPU.Build.0 = Debug|Any CPU
		{F1CC2CA1-968C-4364-8695-12CA79B40FFC}.Release|Any CPU.ActiveCfg = Release|Any CPU
		{F1CC2CA1-968C-4364-8695-12CA79B40FFC}.Release|Any CPU.Build.0 = Release|Any CPU
	EndGlobalSection
	GlobalSection(SolutionProperties) = preSolution
		HideSolutionNode = FALSE
	EndGlobalSection
EndGlobal
